
Microsoft Visual Studio Solution File, Format Version 12.00
# Visual Studio Version 16
VisualStudioVersion = 16.0.31729.503
MinimumVisualStudioVersion = 10.0.40219.1
Project("{8BC9CEB8-8B4A-11D0-8D11-00A0C91BC942}") = "Merge_sort 함수구현", "Merge_sort 함수구현\Merge_sort 함수구현.vcxproj", "{CB91958B-3223-4412-9433-69316EDA85DE}"
EndProject
Global
	GlobalSection(SolutionConfigurationPlatforms) = preSolution
		Debug|x64 = Debug|x64
		Debug|x86 = Debug|x86
		Release|x64 = Release|x64
		Release|x86 = Release|x86
	EndGlobalSection
	GlobalSection(ProjectConfigurationPlatforms) = postSolution
		{CB91958B-3223-4412-9433-69316EDA85DE}.Debug|x64.ActiveCfg = Debug|x64
		{CB91958B-3223-4412-9433-69316EDA85DE}.Debug|x64.Build.0 = Debug|x64
		{CB91958B-3223-4412-9433-69316EDA85DE}.Debug|x86.ActiveCfg = Debug|Win32
		{CB91958B-3223-4412-9433-69316EDA85DE}.Debug|x86.Build.0 = Debug|Win32
		{CB91958B-3223-4412-9433-69316EDA85DE}.Release|x64.ActiveCfg = Release|x64
		{CB91958B-3223-4412-9433-69316EDA85DE}.Release|x64.Build.0 = Release|x64
		{CB91958B-3223-4412-9433-69316EDA85DE}.Release|x86.ActiveCfg = Release|Win32
		{CB91958B-3223-4412-9433-69316EDA85DE}.Release|x86.Build.0 = Release|Win32
	EndGlobalSection
	GlobalSection(SolutionProperties) = preSolution
		HideSolutionNode = FALSE
	EndGlobalSection
	GlobalSection(ExtensibilityGlobals) = postSolution
		SolutionGuid = {720CCC92-D1C7-40E9-97FB-8D150F721BDC}
	EndGlobalSection
EndGlobal
