
Microsoft Visual Studio Solution File, Format Version 12.00
# Visual Studio Version 17
VisualStudioVersion = 17.0.32126.317
MinimumVisualStudioVersion = 10.0.40219.1
Project("{8BC9CEB8-8B4A-11D0-8D11-00A0C91BC942}") = "8-11 Q7 strncmp 구현", "8-11 Q7 strncmp 구현\8-11 Q7 strncmp 구현.vcxproj", "{FAE4805F-074A-4628-86D1-CCDB11F1CED8}"
EndProject
Global
	GlobalSection(SolutionConfigurationPlatforms) = preSolution
		Debug|x64 = Debug|x64
		Debug|x86 = Debug|x86
		Release|x64 = Release|x64
		Release|x86 = Release|x86
	EndGlobalSection
	GlobalSection(ProjectConfigurationPlatforms) = postSolution
		{FAE4805F-074A-4628-86D1-CCDB11F1CED8}.Debug|x64.ActiveCfg = Debug|x64
		{FAE4805F-074A-4628-86D1-CCDB11F1CED8}.Debug|x64.Build.0 = Debug|x64
		{FAE4805F-074A-4628-86D1-CCDB11F1CED8}.Debug|x86.ActiveCfg = Debug|Win32
		{FAE4805F-074A-4628-86D1-CCDB11F1CED8}.Debug|x86.Build.0 = Debug|Win32
		{FAE4805F-074A-4628-86D1-CCDB11F1CED8}.Release|x64.ActiveCfg = Release|x64
		{FAE4805F-074A-4628-86D1-CCDB11F1CED8}.Release|x64.Build.0 = Release|x64
		{FAE4805F-074A-4628-86D1-CCDB11F1CED8}.Release|x86.ActiveCfg = Release|Win32
		{FAE4805F-074A-4628-86D1-CCDB11F1CED8}.Release|x86.Build.0 = Release|Win32
	EndGlobalSection
	GlobalSection(SolutionProperties) = preSolution
		HideSolutionNode = FALSE
	EndGlobalSection
	GlobalSection(ExtensibilityGlobals) = postSolution
		SolutionGuid = {2BCC12EF-8B11-4472-BBE5-D36CBCF2CBA6}
	EndGlobalSection
EndGlobal
