
Microsoft Visual Studio Solution File, Format Version 12.00
# Visual Studio Version 17
VisualStudioVersion = 17.0.32126.317
MinimumVisualStudioVersion = 10.0.40219.1
Project("{8BC9CEB8-8B4A-11D0-8D11-00A0C91BC942}") = "8-12 Q10 bf_matchr", "8-12 Q10 bf_matchr\8-12 Q10 bf_matchr.vcxproj", "{18969311-9092-4062-AD5D-D5592708AD28}"
EndProject
Global
	GlobalSection(SolutionConfigurationPlatforms) = preSolution
		Debug|x64 = Debug|x64
		Debug|x86 = Debug|x86
		Release|x64 = Release|x64
		Release|x86 = Release|x86
	EndGlobalSection
	GlobalSection(ProjectConfigurationPlatforms) = postSolution
		{18969311-9092-4062-AD5D-D5592708AD28}.Debug|x64.ActiveCfg = Debug|x64
		{18969311-9092-4062-AD5D-D5592708AD28}.Debug|x64.Build.0 = Debug|x64
		{18969311-9092-4062-AD5D-D5592708AD28}.Debug|x86.ActiveCfg = Debug|Win32
		{18969311-9092-4062-AD5D-D5592708AD28}.Debug|x86.Build.0 = Debug|Win32
		{18969311-9092-4062-AD5D-D5592708AD28}.Release|x64.ActiveCfg = Release|x64
		{18969311-9092-4062-AD5D-D5592708AD28}.Release|x64.Build.0 = Release|x64
		{18969311-9092-4062-AD5D-D5592708AD28}.Release|x86.ActiveCfg = Release|Win32
		{18969311-9092-4062-AD5D-D5592708AD28}.Release|x86.Build.0 = Release|Win32
	EndGlobalSection
	GlobalSection(SolutionProperties) = preSolution
		HideSolutionNode = FALSE
	EndGlobalSection
	GlobalSection(ExtensibilityGlobals) = postSolution
		SolutionGuid = {F41C0C4B-8556-4508-A411-C6AA700E3B90}
	EndGlobalSection
EndGlobal
